
Microsoft Visual Studio Solution File, Format Version 12.00
# Visual Studio 15
VisualStudioVersion = 15.0.27703.2000
MinimumVisualStudioVersion = 10.0.40219.1
Project("{FAE04EC0-301F-11D3-BF4B-00C04F79EFBC}") = "SingleInheritance(LAB)", "SingleInheritance(LAB)\SingleInheritance(LAB).csproj", "{0C8CA4CC-B601-43F2-9C66-B356C6FEA8DD}"
EndProject
Project("{FAE04EC0-301F-11D3-BF4B-00C04F79EFBC}") = "MultipleInheritance(LAB)", "MultipleInheritance(LAB)\MultipleInheritance(LAB).csproj", "{61F5BC8F-A357-470B-9A08-B561A91BE145}"
EndProject
Project("{FAE04EC0-301F-11D3-BF4B-00C04F79EFBC}") = "HierarchicalInheritance(LAB)", "HierarchicalInheritance(LAB)\HierarchicalInheritance(LAB).csproj", "{C50AEAC0-B5D6-40D5-B7BE-8195B9567C37}"
EndProject
Project("{FAE04EC0-301F-11D3-BF4B-00C04F79EFBC}") = "RandomList(LAB)", "RandomList(LAB)\RandomList(LAB).csproj", "{CF733C7B-EA21-41EB-A519-66A1633BE067}"
EndProject
Project("{FAE04EC0-301F-11D3-BF4B-00C04F79EFBC}") = "StackOfStrings(LAB)", "StackOfStrings(LAB)\StackOfStrings(LAB).csproj", "{98E5DA78-E5B2-4381-9ADA-3CF0388AEC4F}"
EndProject
Global
	GlobalSection(SolutionConfigurationPlatforms) = preSolution
		Debug|Any CPU = Debug|Any CPU
		Release|Any CPU = Release|Any CPU
	EndGlobalSection
	GlobalSection(ProjectConfigurationPlatforms) = postSolution
		{0C8CA4CC-B601-43F2-9C66-B356C6FEA8DD}.Debug|Any CPU.ActiveCfg = Debug|Any CPU
		{0C8CA4CC-B601-43F2-9C66-B356C6FEA8DD}.Debug|Any CPU.Build.0 = Debug|Any CPU
		{0C8CA4CC-B601-43F2-9C66-B356C6FEA8DD}.Release|Any CPU.ActiveCfg = Release|Any CPU
		{0C8CA4CC-B601-43F2-9C66-B356C6FEA8DD}.Release|Any CPU.Build.0 = Release|Any CPU
		{61F5BC8F-A357-470B-9A08-B561A91BE145}.Debug|Any CPU.ActiveCfg = Debug|Any CPU
		{61F5BC8F-A357-470B-9A08-B561A91BE145}.Debug|Any CPU.Build.0 = Debug|Any CPU
		{61F5BC8F-A357-470B-9A08-B561A91BE145}.Release|Any CPU.ActiveCfg = Release|Any CPU
		{61F5BC8F-A357-470B-9A08-B561A91BE145}.Release|Any CPU.Build.0 = Release|Any CPU
		{C50AEAC0-B5D6-40D5-B7BE-8195B9567C37}.Debug|Any CPU.ActiveCfg = Debug|Any CPU
		{C50AEAC0-B5D6-40D5-B7BE-8195B9567C37}.Debug|Any CPU.Build.0 = Debug|Any CPU
		{C50AEAC0-B5D6-40D5-B7BE-8195B9567C37}.Release|Any CPU.ActiveCfg = Release|Any CPU
		{C50AEAC0-B5D6-40D5-B7BE-8195B9567C37}.Release|Any CPU.Build.0 = Release|Any CPU
		{CF733C7B-EA21-41EB-A519-66A1633BE067}.Debug|Any CPU.ActiveCfg = Debug|Any CPU
		{CF733C7B-EA21-41EB-A519-66A1633BE067}.Debug|Any CPU.Build.0 = Debug|Any CPU
		{CF733C7B-EA21-41EB-A519-66A1633BE067}.Release|Any CPU.ActiveCfg = Release|Any CPU
		{CF733C7B-EA21-41EB-A519-66A1633BE067}.Release|Any CPU.Build.0 = Release|Any CPU
		{98E5DA78-E5B2-4381-9ADA-3CF0388AEC4F}.Debug|Any CPU.ActiveCfg = Debug|Any CPU
		{98E5DA78-E5B2-4381-9ADA-3CF0388AEC4F}.Debug|Any CPU.Build.0 = Debug|Any CPU
		{98E5DA78-E5B2-4381-9ADA-3CF0388AEC4F}.Release|Any CPU.ActiveCfg = Release|Any CPU
		{98E5DA78-E5B2-4381-9ADA-3CF0388AEC4F}.Release|Any CPU.Build.0 = Release|Any CPU
	EndGlobalSection
	GlobalSection(SolutionProperties) = preSolution
		HideSolutionNode = FALSE
	EndGlobalSection
	GlobalSection(ExtensibilityGlobals) = postSolution
		SolutionGuid = {7358482D-AFBC-4553-A8AF-142574A4CFE8}
	EndGlobalSection
EndGlobal
