
Microsoft Visual Studio Solution File, Format Version 12.00
# Visual Studio 15
VisualStudioVersion = 15.0.27703.2000
MinimumVisualStudioVersion = 10.0.40219.1
Project("{9A19103F-16F7-4668-BE54-9A1E7A4F7556}") = "SalaryIncrease(Lab)", "SalaryIncrease(Lab)\SalaryIncrease(Lab).csproj", "{7023E7AB-2B36-4D94-839A-A0E62EB39540}"
EndProject
Project("{9A19103F-16F7-4668-BE54-9A1E7A4F7556}") = "SortPersonsByNameAndAge(Lab)", "SortPersonsByNameAndAge(Lab)\SortPersonsByNameAndAge(Lab).csproj", "{D79331DA-3121-4EDE-982E-35B7A50959A6}"
EndProject
Project("{FAE04EC0-301F-11D3-BF4B-00C04F79EFBC}") = "ValidationOfData(Lab)", "ValidationOfData(Lab)\ValidationOfData(Lab).csproj", "{AFF543CA-18BF-4344-9C1F-08017A420830}"
EndProject
Global
	GlobalSection(SolutionConfigurationPlatforms) = preSolution
		Debug|Any CPU = Debug|Any CPU
		Release|Any CPU = Release|Any CPU
	EndGlobalSection
	GlobalSection(ProjectConfigurationPlatforms) = postSolution
		{7023E7AB-2B36-4D94-839A-A0E62EB39540}.Debug|Any CPU.ActiveCfg = Debug|Any CPU
		{7023E7AB-2B36-4D94-839A-A0E62EB39540}.Debug|Any CPU.Build.0 = Debug|Any CPU
		{7023E7AB-2B36-4D94-839A-A0E62EB39540}.Release|Any CPU.ActiveCfg = Release|Any CPU
		{7023E7AB-2B36-4D94-839A-A0E62EB39540}.Release|Any CPU.Build.0 = Release|Any CPU
		{D79331DA-3121-4EDE-982E-35B7A50959A6}.Debug|Any CPU.ActiveCfg = Debug|Any CPU
		{D79331DA-3121-4EDE-982E-35B7A50959A6}.Debug|Any CPU.Build.0 = Debug|Any CPU
		{D79331DA-3121-4EDE-982E-35B7A50959A6}.Release|Any CPU.ActiveCfg = Release|Any CPU
		{D79331DA-3121-4EDE-982E-35B7A50959A6}.Release|Any CPU.Build.0 = Release|Any CPU
		{AFF543CA-18BF-4344-9C1F-08017A420830}.Debug|Any CPU.ActiveCfg = Debug|Any CPU
		{AFF543CA-18BF-4344-9C1F-08017A420830}.Debug|Any CPU.Build.0 = Debug|Any CPU
		{AFF543CA-18BF-4344-9C1F-08017A420830}.Release|Any CPU.ActiveCfg = Release|Any CPU
		{AFF543CA-18BF-4344-9C1F-08017A420830}.Release|Any CPU.Build.0 = Release|Any CPU
	EndGlobalSection
	GlobalSection(SolutionProperties) = preSolution
		HideSolutionNode = FALSE
	EndGlobalSection
	GlobalSection(ExtensibilityGlobals) = postSolution
		SolutionGuid = {E0E28665-F70C-4F88-A8F1-2EACA5521452}
	EndGlobalSection
EndGlobal
